
Microsoft Visual Studio Solution File, Format Version 11.00
# Visual Studio 2010
Project("{FAE04EC0-301F-11D3-BF4B-00C04F79EFBC}") = "PaqueteTuristicoWeb", "PaqueteTuristicoWeb\PaqueteTuristicoWeb.csproj", "{C4DC062B-4D38-4B01-B30A-E805521A5707}"
	ProjectSection(ProjectDependencies) = postProject
		{4AADB29B-D8D4-4FE8-BD22-FE47A111F37B} = {4AADB29B-D8D4-4FE8-BD22-FE47A111F37B}
	EndProjectSection
EndProject
Project("{FAE04EC0-301F-11D3-BF4B-00C04F79EFBC}") = "SOAPServices", "SOAPServices\SOAPServices.csproj", "{4AADB29B-D8D4-4FE8-BD22-FE47A111F37B}"
EndProject
Project("{FAE04EC0-301F-11D3-BF4B-00C04F79EFBC}") = "SOAPServicesTest", "SOAPServicesTest\SOAPServicesTest.csproj", "{11D35E66-09C7-407A-BCD2-88350365BD1F}"
	ProjectSection(ProjectDependencies) = postProject
		{4AADB29B-D8D4-4FE8-BD22-FE47A111F37B} = {4AADB29B-D8D4-4FE8-BD22-FE47A111F37B}
	EndProjectSection
EndProject
Project("{2150E333-8FDC-42A3-9474-1A3956D46DE8}") = "Solution Items", "Solution Items", "{924DECE6-409B-4657-9E38-DE7442A6DB79}"
	ProjectSection(SolutionItems) = preProject
		DSSOS.vsmdi = DSSOS.vsmdi
		Local.testsettings = Local.testsettings
		TraceAndTestImpact.testsettings = TraceAndTestImpact.testsettings
	EndProjectSection
EndProject
Project("{FAE04EC0-301F-11D3-BF4B-00C04F79EFBC}") = "RESTServices", "RESTServices\RESTServices.csproj", "{32F133DE-25D5-4543-B991-214B42385AC3}"
EndProject
Project("{FAE04EC0-301F-11D3-BF4B-00C04F79EFBC}") = "RESTServicesTest", "RESTServicesTest\RESTServicesTest.csproj", "{5E8C15FE-AF07-4BA4-80BC-092082D5C9B9}"
EndProject
Project("{2150E333-8FDC-42A3-9474-1A3956D46DE8}") = "Librerias", "Librerias", "{5F177092-25F4-412F-97FD-413F644DD72F}"
	ProjectSection(SolutionItems) = preProject
		Librerias\Iesi.Collections.dll = Librerias\Iesi.Collections.dll
		Librerias\NHibernate.dll = Librerias\NHibernate.dll
	EndProjectSection
EndProject
Project("{FAE04EC0-301F-11D3-BF4B-00C04F79EFBC}") = "PaqueteTuristicoWeb.Tests", "PaqueteTuristicoWeb.Tests\PaqueteTuristicoWeb.Tests.csproj", "{DD4090DD-57B1-47F7-9E6E-63D770132553}"
EndProject
Global
	GlobalSection(SubversionScc) = preSolution
		Svn-Managed = True
		Manager = AnkhSVN - Subversion Support for Visual Studio
	EndGlobalSection
	GlobalSection(TestCaseManagementSettings) = postSolution
		CategoryFile = DSSOS.vsmdi
	EndGlobalSection
	GlobalSection(SolutionConfigurationPlatforms) = preSolution
		Debug|Any CPU = Debug|Any CPU
		Release|Any CPU = Release|Any CPU
	EndGlobalSection
	GlobalSection(ProjectConfigurationPlatforms) = postSolution
		{C4DC062B-4D38-4B01-B30A-E805521A5707}.Debug|Any CPU.ActiveCfg = Debug|Any CPU
		{C4DC062B-4D38-4B01-B30A-E805521A5707}.Debug|Any CPU.Build.0 = Debug|Any CPU
		{C4DC062B-4D38-4B01-B30A-E805521A5707}.Release|Any CPU.ActiveCfg = Release|Any CPU
		{C4DC062B-4D38-4B01-B30A-E805521A5707}.Release|Any CPU.Build.0 = Release|Any CPU
		{4AADB29B-D8D4-4FE8-BD22-FE47A111F37B}.Debug|Any CPU.ActiveCfg = Debug|Any CPU
		{4AADB29B-D8D4-4FE8-BD22-FE47A111F37B}.Debug|Any CPU.Build.0 = Debug|Any CPU
		{4AADB29B-D8D4-4FE8-BD22-FE47A111F37B}.Release|Any CPU.ActiveCfg = Release|Any CPU
		{4AADB29B-D8D4-4FE8-BD22-FE47A111F37B}.Release|Any CPU.Build.0 = Release|Any CPU
		{11D35E66-09C7-407A-BCD2-88350365BD1F}.Debug|Any CPU.ActiveCfg = Debug|Any CPU
		{11D35E66-09C7-407A-BCD2-88350365BD1F}.Debug|Any CPU.Build.0 = Debug|Any CPU
		{11D35E66-09C7-407A-BCD2-88350365BD1F}.Release|Any CPU.ActiveCfg = Release|Any CPU
		{11D35E66-09C7-407A-BCD2-88350365BD1F}.Release|Any CPU.Build.0 = Release|Any CPU
		{32F133DE-25D5-4543-B991-214B42385AC3}.Debug|Any CPU.ActiveCfg = Debug|Any CPU
		{32F133DE-25D5-4543-B991-214B42385AC3}.Debug|Any CPU.Build.0 = Debug|Any CPU
		{32F133DE-25D5-4543-B991-214B42385AC3}.Release|Any CPU.ActiveCfg = Release|Any CPU
		{32F133DE-25D5-4543-B991-214B42385AC3}.Release|Any CPU.Build.0 = Release|Any CPU
		{5E8C15FE-AF07-4BA4-80BC-092082D5C9B9}.Debug|Any CPU.ActiveCfg = Debug|Any CPU
		{5E8C15FE-AF07-4BA4-80BC-092082D5C9B9}.Debug|Any CPU.Build.0 = Debug|Any CPU
		{5E8C15FE-AF07-4BA4-80BC-092082D5C9B9}.Release|Any CPU.ActiveCfg = Release|Any CPU
		{5E8C15FE-AF07-4BA4-80BC-092082D5C9B9}.Release|Any CPU.Build.0 = Release|Any CPU
		{DD4090DD-57B1-47F7-9E6E-63D770132553}.Debug|Any CPU.ActiveCfg = Debug|Any CPU
		{DD4090DD-57B1-47F7-9E6E-63D770132553}.Debug|Any CPU.Build.0 = Debug|Any CPU
		{DD4090DD-57B1-47F7-9E6E-63D770132553}.Release|Any CPU.ActiveCfg = Release|Any CPU
		{DD4090DD-57B1-47F7-9E6E-63D770132553}.Release|Any CPU.Build.0 = Release|Any CPU
	EndGlobalSection
	GlobalSection(SolutionProperties) = preSolution
		HideSolutionNode = FALSE
	EndGlobalSection
EndGlobal
