
Microsoft Visual Studio Solution File, Format Version 11.00
# Visual Studio 2010
Project("{FAE04EC0-301F-11D3-BF4B-00C04F79EFBC}") = "PaqueteTuristicoWeb", "PaqueteTuristicoWeb\PaqueteTuristicoWeb.csproj", "{C4DC062B-4D38-4B01-B30A-E805521A5707}"
EndProject
Project("{FAE04EC0-301F-11D3-BF4B-00C04F79EFBC}") = "PaqueteTuristicoWeb.Tests", "PaqueteTuristicoWeb.Tests\PaqueteTuristicoWeb.Tests.csproj", "{DD4090DD-57B1-47F7-9E6E-63D770132553}"
EndProject
Project("{FAE04EC0-301F-11D3-BF4B-00C04F79EFBC}") = "SOAPServices", "SOAPServices\SOAPServices.csproj", "{4AADB29B-D8D4-4FE8-BD22-FE47A111F37B}"
EndProject
Project("{2150E333-8FDC-42A3-9474-1A3956D46DE8}") = "Librerias", "Librerias", "{91B70BC9-E69D-4E15-811C-09FF714F22ED}"
EndProject
Project("{2150E333-8FDC-42A3-9474-1A3956D46DE8}") = "Librerias (2)", "Librerias (2)", "{8DB5B8C0-A866-4AA1-ACBB-8B818E3A3E7C}"
EndProject
Project("{FAE04EC0-301F-11D3-BF4B-00C04F79EFBC}") = "SOAPServicesTest", "SOAPServicesTest\SOAPServicesTest.csproj", "{11D35E66-09C7-407A-BCD2-88350365BD1F}"
	ProjectSection(ProjectDependencies) = postProject
		{4AADB29B-D8D4-4FE8-BD22-FE47A111F37B} = {4AADB29B-D8D4-4FE8-BD22-FE47A111F37B}
	EndProjectSection
EndProject
Project("{2150E333-8FDC-42A3-9474-1A3956D46DE8}") = "Solution Items", "Solution Items", "{924DECE6-409B-4657-9E38-DE7442A6DB79}"
EndProject
Global
	GlobalSection(SubversionScc) = preSolution
		Svn-Managed = True
		Manager = AnkhSVN - Subversion Support for Visual Studio
	EndGlobalSection
	GlobalSection(TestCaseManagementSettings) = postSolution
		CategoryFile = DSSOS.vsmdi
	EndGlobalSection
	GlobalSection(SolutionConfigurationPlatforms) = preSolution
		Debug|Any CPU = Debug|Any CPU
		Release|Any CPU = Release|Any CPU
	EndGlobalSection
	GlobalSection(ProjectConfigurationPlatforms) = postSolution
		{C4DC062B-4D38-4B01-B30A-E805521A5707}.Debug|Any CPU.ActiveCfg = Debug|Any CPU
		{C4DC062B-4D38-4B01-B30A-E805521A5707}.Debug|Any CPU.Build.0 = Debug|Any CPU
		{C4DC062B-4D38-4B01-B30A-E805521A5707}.Release|Any CPU.ActiveCfg = Release|Any CPU
		{C4DC062B-4D38-4B01-B30A-E805521A5707}.Release|Any CPU.Build.0 = Release|Any CPU
		{DD4090DD-57B1-47F7-9E6E-63D770132553}.Debug|Any CPU.ActiveCfg = Debug|Any CPU
		{DD4090DD-57B1-47F7-9E6E-63D770132553}.Debug|Any CPU.Build.0 = Debug|Any CPU
		{DD4090DD-57B1-47F7-9E6E-63D770132553}.Release|Any CPU.ActiveCfg = Release|Any CPU
		{DD4090DD-57B1-47F7-9E6E-63D770132553}.Release|Any CPU.Build.0 = Release|Any CPU
		{4AADB29B-D8D4-4FE8-BD22-FE47A111F37B}.Debug|Any CPU.ActiveCfg = Debug|Any CPU
		{4AADB29B-D8D4-4FE8-BD22-FE47A111F37B}.Debug|Any CPU.Build.0 = Debug|Any CPU
		{4AADB29B-D8D4-4FE8-BD22-FE47A111F37B}.Release|Any CPU.ActiveCfg = Release|Any CPU
		{4AADB29B-D8D4-4FE8-BD22-FE47A111F37B}.Release|Any CPU.Build.0 = Release|Any CPU
		{11D35E66-09C7-407A-BCD2-88350365BD1F}.Debug|Any CPU.ActiveCfg = Debug|Any CPU
		{11D35E66-09C7-407A-BCD2-88350365BD1F}.Debug|Any CPU.Build.0 = Debug|Any CPU
		{11D35E66-09C7-407A-BCD2-88350365BD1F}.Release|Any CPU.ActiveCfg = Release|Any CPU
		{11D35E66-09C7-407A-BCD2-88350365BD1F}.Release|Any CPU.Build.0 = Release|Any CPU
	EndGlobalSection
	GlobalSection(SolutionProperties) = preSolution
		HideSolutionNode = FALSE
	EndGlobalSection
EndGlobal
